
Microsoft Visual Studio Solution File, Format Version 12.00
# Visual Studio Version 16
VisualStudioVersion = 16.0.30309.148
MinimumVisualStudioVersion = 10.0.40219.1
Project("{FAE04EC0-301F-11D3-BF4B-00C04F79EFBC}") = "Part 5", "Part 5\Part 5.csproj", "{C7A15F6B-D5B8-4421-AB5E-389F5A1C2463}"
EndProject
Global
	GlobalSection(SolutionConfigurationPlatforms) = preSolution
		Debug|Any CPU = Debug|Any CPU
		Release|Any CPU = Release|Any CPU
	EndGlobalSection
	GlobalSection(ProjectConfigurationPlatforms) = postSolution
		{C7A15F6B-D5B8-4421-AB5E-389F5A1C2463}.Debug|Any CPU.ActiveCfg = Debug|Any CPU
		{C7A15F6B-D5B8-4421-AB5E-389F5A1C2463}.Debug|Any CPU.Build.0 = Debug|Any CPU
		{C7A15F6B-D5B8-4421-AB5E-389F5A1C2463}.Release|Any CPU.ActiveCfg = Release|Any CPU
		{C7A15F6B-D5B8-4421-AB5E-389F5A1C2463}.Release|Any CPU.Build.0 = Release|Any CPU
	EndGlobalSection
	GlobalSection(SolutionProperties) = preSolution
		HideSolutionNode = FALSE
	EndGlobalSection
	GlobalSection(ExtensibilityGlobals) = postSolution
		SolutionGuid = {47F49E61-DFFF-4B78-A8DE-3CA8C5658640}
	EndGlobalSection
EndGlobal
